
Microsoft Visual Studio Solution File, Format Version 12.00
# Visual Studio Version 16
VisualStudioVersion = 16.0.30517.126
MinimumVisualStudioVersion = 10.0.40219.1
Project("{FAE04EC0-301F-11D3-BF4B-00C04F79EFBC}") = "Bootstrap4GridFollowUp", "Bootstrap4GridFollowUp\Bootstrap4GridFollowUp.csproj", "{824035C7-FF90-4896-A4FD-B0EA4391734C}"
EndProject
Global
	GlobalSection(SolutionConfigurationPlatforms) = preSolution
		Debug|Any CPU = Debug|Any CPU
		Release|Any CPU = Release|Any CPU
	EndGlobalSection
	GlobalSection(ProjectConfigurationPlatforms) = postSolution
		{824035C7-FF90-4896-A4FD-B0EA4391734C}.Debug|Any CPU.ActiveCfg = Debug|Any CPU
		{824035C7-FF90-4896-A4FD-B0EA4391734C}.Debug|Any CPU.Build.0 = Debug|Any CPU
		{824035C7-FF90-4896-A4FD-B0EA4391734C}.Release|Any CPU.ActiveCfg = Release|Any CPU
		{824035C7-FF90-4896-A4FD-B0EA4391734C}.Release|Any CPU.Build.0 = Release|Any CPU
	EndGlobalSection
	GlobalSection(SolutionProperties) = preSolution
		HideSolutionNode = FALSE
	EndGlobalSection
	GlobalSection(ExtensibilityGlobals) = postSolution
		SolutionGuid = {E700EAC2-029C-475F-8CE9-07BE169A22EA}
	EndGlobalSection
EndGlobal
